
Microsoft Visual Studio Solution File, Format Version 12.00
# Visual Studio Version 16
VisualStudioVersion = 16.0.30907.101
MinimumVisualStudioVersion = 10.0.40219.1
Project("{FAE04EC0-301F-11D3-BF4B-00C04F79EFBC}") = "FaktoriyelÖdev", "FaktoriyelÖdev\FaktoriyelÖdev.csproj", "{77EB5969-16B0-4DF7-A3BE-A7E0D9F0EAF3}"
EndProject
Global
	GlobalSection(SolutionConfigurationPlatforms) = preSolution
		Debug|Any CPU = Debug|Any CPU
		Release|Any CPU = Release|Any CPU
	EndGlobalSection
	GlobalSection(ProjectConfigurationPlatforms) = postSolution
		{77EB5969-16B0-4DF7-A3BE-A7E0D9F0EAF3}.Debug|Any CPU.ActiveCfg = Debug|Any CPU
		{77EB5969-16B0-4DF7-A3BE-A7E0D9F0EAF3}.Debug|Any CPU.Build.0 = Debug|Any CPU
		{77EB5969-16B0-4DF7-A3BE-A7E0D9F0EAF3}.Release|Any CPU.ActiveCfg = Release|Any CPU
		{77EB5969-16B0-4DF7-A3BE-A7E0D9F0EAF3}.Release|Any CPU.Build.0 = Release|Any CPU
	EndGlobalSection
	GlobalSection(SolutionProperties) = preSolution
		HideSolutionNode = FALSE
	EndGlobalSection
	GlobalSection(ExtensibilityGlobals) = postSolution
		SolutionGuid = {1DA5B080-FCFD-4546-85C2-4D247A40006A}
	EndGlobalSection
EndGlobal
